
Microsoft Visual Studio Solution File, Format Version 12.00
# Visual Studio Version 17
VisualStudioVersion = 17.9.34511.98
MinimumVisualStudioVersion = 10.0.40219.1
Project("{9A19103F-16F7-4668-BE54-9A1E7A4F7556}") = "GymScheduler", "GymScheduler\GymScheduler.csproj", "{A3D2DF9D-B01D-42CD-AA0C-556FC40904B8}"
EndProject
Project("{9A19103F-16F7-4668-BE54-9A1E7A4F7556}") = "GymScheduler.Entities", "GymScheduler.Entities\GymScheduler.Entities.csproj", "{D13A5235-CC4F-4C84-A2A0-44CB5138DF56}"
EndProject
Global
	GlobalSection(SolutionConfigurationPlatforms) = preSolution
		Debug|Any CPU = Debug|Any CPU
		Release|Any CPU = Release|Any CPU
	EndGlobalSection
	GlobalSection(ProjectConfigurationPlatforms) = postSolution
		{A3D2DF9D-B01D-42CD-AA0C-556FC40904B8}.Debug|Any CPU.ActiveCfg = Debug|Any CPU
		{A3D2DF9D-B01D-42CD-AA0C-556FC40904B8}.Debug|Any CPU.Build.0 = Debug|Any CPU
		{A3D2DF9D-B01D-42CD-AA0C-556FC40904B8}.Release|Any CPU.ActiveCfg = Release|Any CPU
		{A3D2DF9D-B01D-42CD-AA0C-556FC40904B8}.Release|Any CPU.Build.0 = Release|Any CPU
		{D13A5235-CC4F-4C84-A2A0-44CB5138DF56}.Debug|Any CPU.ActiveCfg = Debug|Any CPU
		{D13A5235-CC4F-4C84-A2A0-44CB5138DF56}.Debug|Any CPU.Build.0 = Debug|Any CPU
		{D13A5235-CC4F-4C84-A2A0-44CB5138DF56}.Release|Any CPU.ActiveCfg = Release|Any CPU
		{D13A5235-CC4F-4C84-A2A0-44CB5138DF56}.Release|Any CPU.Build.0 = Release|Any CPU
	EndGlobalSection
	GlobalSection(SolutionProperties) = preSolution
		HideSolutionNode = FALSE
	EndGlobalSection
	GlobalSection(ExtensibilityGlobals) = postSolution
		SolutionGuid = {46301D77-587F-4D6E-944F-7CC5E5061EEF}
	EndGlobalSection
EndGlobal
